
Microsoft Visual Studio Solution File, Format Version 12.00
# Visual Studio 15
VisualStudioVersion = 15.0.27428.2043
MinimumVisualStudioVersion = 10.0.40219.1
Project("{D2ABAB84-BF74-430A-B69E-9DC6D40DDA17}") = "Cube", "Cube\Cube.dwproj", "{11508368-FFE4-4C01-9531-2F8A0F212F83}"
EndProject
Global
	GlobalSection(SolutionConfigurationPlatforms) = preSolution
		Development|Default = Development|Default
	EndGlobalSection
	GlobalSection(ProjectConfigurationPlatforms) = postSolution
		{11508368-FFE4-4C01-9531-2F8A0F212F83}.Development|Default.ActiveCfg = Development
		{11508368-FFE4-4C01-9531-2F8A0F212F83}.Development|Default.Build.0 = Development
		{11508368-FFE4-4C01-9531-2F8A0F212F83}.Development|Default.Deploy.0 = Development
	EndGlobalSection
	GlobalSection(SolutionProperties) = preSolution
		HideSolutionNode = FALSE
	EndGlobalSection
	GlobalSection(ExtensibilityGlobals) = postSolution
		SolutionGuid = {6D248A0E-A24A-4CAC-A2B6-F012DC2E108C}
	EndGlobalSection
EndGlobal
