
Microsoft Visual Studio Solution File, Format Version 12.00
# Visual Studio 15
VisualStudioVersion = 15.0.27428.2043
MinimumVisualStudioVersion = 10.0.40219.1
Project("{D2ABAB84-BF74-430A-B69E-9DC6D40DDA17}") = "NewCube", "NewCube\NewCube.dwproj", "{34E2A339-0A51-4AFB-BF14-45F102B94543}"
EndProject
Global
	GlobalSection(SolutionConfigurationPlatforms) = preSolution
		Development|Default = Development|Default
	EndGlobalSection
	GlobalSection(ProjectConfigurationPlatforms) = postSolution
		{34E2A339-0A51-4AFB-BF14-45F102B94543}.Development|Default.ActiveCfg = Development
		{34E2A339-0A51-4AFB-BF14-45F102B94543}.Development|Default.Build.0 = Development
		{34E2A339-0A51-4AFB-BF14-45F102B94543}.Development|Default.Deploy.0 = Development
	EndGlobalSection
	GlobalSection(SolutionProperties) = preSolution
		HideSolutionNode = FALSE
	EndGlobalSection
	GlobalSection(ExtensibilityGlobals) = postSolution
		SolutionGuid = {C9C78B6F-D8B9-4A0D-B9E1-23AF2310BED4}
	EndGlobalSection
EndGlobal
